
Microsoft Visual Studio Solution File, Format Version 12.00
# Visual Studio Version 17
VisualStudioVersion = 17.8.34511.84
MinimumVisualStudioVersion = 10.0.40219.1
Project("{8BC9CEB8-8B4A-11D0-8D11-00A0C91BC942}") = "Raja-Buah-CPP", "Raja-Buah-CPP\Raja-Buah-CPP.vcxproj", "{4E296696-7DF0-4484-B871-07383D6963EA}"
EndProject
Global
	GlobalSection(SolutionConfigurationPlatforms) = preSolution
		Debug|x64 = Debug|x64
		Debug|x86 = Debug|x86
		Release|x64 = Release|x64
		Release|x86 = Release|x86
	EndGlobalSection
	GlobalSection(ProjectConfigurationPlatforms) = postSolution
		{4E296696-7DF0-4484-B871-07383D6963EA}.Debug|x64.ActiveCfg = Debug|x64
		{4E296696-7DF0-4484-B871-07383D6963EA}.Debug|x64.Build.0 = Debug|x64
		{4E296696-7DF0-4484-B871-07383D6963EA}.Debug|x86.ActiveCfg = Debug|Win32
		{4E296696-7DF0-4484-B871-07383D6963EA}.Debug|x86.Build.0 = Debug|Win32
		{4E296696-7DF0-4484-B871-07383D6963EA}.Release|x64.ActiveCfg = Release|x64
		{4E296696-7DF0-4484-B871-07383D6963EA}.Release|x64.Build.0 = Release|x64
		{4E296696-7DF0-4484-B871-07383D6963EA}.Release|x86.ActiveCfg = Release|Win32
		{4E296696-7DF0-4484-B871-07383D6963EA}.Release|x86.Build.0 = Release|Win32
	EndGlobalSection
	GlobalSection(SolutionProperties) = preSolution
		HideSolutionNode = FALSE
	EndGlobalSection
	GlobalSection(ExtensibilityGlobals) = postSolution
		SolutionGuid = {95F26E6A-90AF-4599-8284-6348C04E0AC7}
	EndGlobalSection
EndGlobal
